
Microsoft Visual Studio Solution File, Format Version 12.00
# Visual Studio Version 16
VisualStudioVersion = 16.0.30114.105
MinimumVisualStudioVersion = 10.0.40219.1
Project("{FAE04EC0-301F-11D3-BF4B-00C04F79EFBC}") = "VariadicGenerics.SourceGenerator", "src\VariadicGenerics.SourceGenerator.csproj", "{4718055F-7B2B-4909-8051-1D92BBA8ED34}"
EndProject
Project("{2150E333-8FDC-42A3-9474-1A3956D46DE8}") = "samples", "samples", "{E519B0FF-D919-452A-AD1D-1F86D59F2AD7}"
EndProject
Project("{FAE04EC0-301F-11D3-BF4B-00C04F79EFBC}") = "GenericMethods", "samples\GenericMethods\GenericMethods.csproj", "{272F4997-8A23-4810-98A8-3EB71884A3F5}"
EndProject
Global
	GlobalSection(SolutionConfigurationPlatforms) = preSolution
		Debug|Any CPU = Debug|Any CPU
		Release|Any CPU = Release|Any CPU
	EndGlobalSection
	GlobalSection(SolutionProperties) = preSolution
		HideSolutionNode = FALSE
	EndGlobalSection
	GlobalSection(ProjectConfigurationPlatforms) = postSolution
		{4718055F-7B2B-4909-8051-1D92BBA8ED34}.Debug|Any CPU.ActiveCfg = Debug|Any CPU
		{4718055F-7B2B-4909-8051-1D92BBA8ED34}.Debug|Any CPU.Build.0 = Debug|Any CPU
		{4718055F-7B2B-4909-8051-1D92BBA8ED34}.Release|Any CPU.ActiveCfg = Release|Any CPU
		{4718055F-7B2B-4909-8051-1D92BBA8ED34}.Release|Any CPU.Build.0 = Release|Any CPU
		{272F4997-8A23-4810-98A8-3EB71884A3F5}.Debug|Any CPU.ActiveCfg = Debug|Any CPU
		{272F4997-8A23-4810-98A8-3EB71884A3F5}.Debug|Any CPU.Build.0 = Debug|Any CPU
		{272F4997-8A23-4810-98A8-3EB71884A3F5}.Release|Any CPU.ActiveCfg = Release|Any CPU
		{272F4997-8A23-4810-98A8-3EB71884A3F5}.Release|Any CPU.Build.0 = Release|Any CPU
	EndGlobalSection
	GlobalSection(NestedProjects) = preSolution
		{272F4997-8A23-4810-98A8-3EB71884A3F5} = {E519B0FF-D919-452A-AD1D-1F86D59F2AD7}
	EndGlobalSection
EndGlobal
